
Microsoft Visual Studio Solution File, Format Version 12.00
# Visual Studio Version 16
VisualStudioVersion = 16.0.32901.82
MinimumVisualStudioVersion = 10.0.40219.1
Project("{FAE04EC0-301F-11D3-BF4B-00C04F79EFBC}") = "COVID19", "COVID19\COVID19.csproj", "{6AE1B3AE-3481-4550-BAF1-280A3053CA4E}"
EndProject
Global
	GlobalSection(SolutionConfigurationPlatforms) = preSolution
		Debug|Any CPU = Debug|Any CPU
		Release|Any CPU = Release|Any CPU
	EndGlobalSection
	GlobalSection(ProjectConfigurationPlatforms) = postSolution
		{6AE1B3AE-3481-4550-BAF1-280A3053CA4E}.Debug|Any CPU.ActiveCfg = Debug|Any CPU
		{6AE1B3AE-3481-4550-BAF1-280A3053CA4E}.Debug|Any CPU.Build.0 = Debug|Any CPU
		{6AE1B3AE-3481-4550-BAF1-280A3053CA4E}.Release|Any CPU.ActiveCfg = Release|Any CPU
		{6AE1B3AE-3481-4550-BAF1-280A3053CA4E}.Release|Any CPU.Build.0 = Release|Any CPU
	EndGlobalSection
	GlobalSection(SolutionProperties) = preSolution
		HideSolutionNode = FALSE
	EndGlobalSection
	GlobalSection(ExtensibilityGlobals) = postSolution
		SolutionGuid = {A60E64D1-8220-417E-97F2-03F94054CE03}
	EndGlobalSection
EndGlobal
